
Microsoft Visual Studio Solution File, Format Version 12.00
# Visual Studio Version 16
VisualStudioVersion = 16.0.29102.190
MinimumVisualStudioVersion = 10.0.40219.1
Project("{8BC9CEB8-8B4A-11D0-8D11-00A0C91BC942}") = "libOTe", "libOTe\libOTe.vcxproj.vcxproj", "{D159E2F9-226C-4B19-905E-CC1EA0EB013F}"
	ProjectSection(ProjectDependencies) = postProject
		{B707F703-490A-447F-9737-C6A70B8D7A61} = {B707F703-490A-447F-9737-C6A70B8D7A61}
		{CE639ABE-6913-428A-92B0-7C5A6458B983} = {CE639ABE-6913-428A-92B0-7C5A6458B983}
	EndProjectSection
EndProject
Project("{8BC9CEB8-8B4A-11D0-8D11-00A0C91BC942}") = "libOTe_Tests", "libOTe_Tests\libOTe_Tests.vcxproj.vcxproj", "{294C00B6-949E-4A45-AFA8-45D53590FC11}"
	ProjectSection(ProjectDependencies) = postProject
		{B707F703-490A-447F-9737-C6A70B8D7A61} = {B707F703-490A-447F-9737-C6A70B8D7A61}
		{D159E2F9-226C-4B19-905E-CC1EA0EB013F} = {D159E2F9-226C-4B19-905E-CC1EA0EB013F}
	EndProjectSection
EndProject
Project("{8BC9CEB8-8B4A-11D0-8D11-00A0C91BC942}") = "frontend", "frontend\frontend.vcxproj", "{C81DC04B-A0F0-4B77-8DCE-C8190E629467}"
	ProjectSection(ProjectDependencies) = postProject
		{10DCA769-B168-4E7F-914E-E8A525333327} = {10DCA769-B168-4E7F-914E-E8A525333327}
		{294C00B6-949E-4A45-AFA8-45D53590FC11} = {294C00B6-949E-4A45-AFA8-45D53590FC11}
		{D159E2F9-226C-4B19-905E-CC1EA0EB013F} = {D159E2F9-226C-4B19-905E-CC1EA0EB013F}
	EndProjectSection
EndProject
Project("{2150E333-8FDC-42A3-9474-1A3956D46DE8}") = "Solution Items", "Solution Items", "{B9CAB0DB-C7A5-4180-A85A-F532BC550E59}"
	ProjectSection(SolutionItems) = preProject
		.gitignore = .gitignore
		CMakeLists.txt = CMakeLists.txt
		copySourceToLinux.ps1 = copySourceToLinux.ps1
		README.md = README.md
		testout.txt = testout.txt
	EndProjectSection
EndProject
Project("{8BC9CEB8-8B4A-11D0-8D11-00A0C91BC942}") = "cryptoTools", "cryptoTools\cryptoTools\cryptoTools.vcxproj", "{B707F703-490A-447F-9737-C6A70B8D7A61}"
EndProject
Project("{8BC9CEB8-8B4A-11D0-8D11-00A0C91BC942}") = "frontend_cryptoTools", "cryptoTools\frontend_cryptoTools\frontend_cryptoTools.vcxproj", "{9816C48C-6316-40C7-929C-4B29505C7E0A}"
	ProjectSection(ProjectDependencies) = postProject
		{10DCA769-B168-4E7F-914E-E8A525333327} = {10DCA769-B168-4E7F-914E-E8A525333327}
	EndProjectSection
EndProject
Project("{8BC9CEB8-8B4A-11D0-8D11-00A0C91BC942}") = "tests_cryptoTools", "cryptoTools\tests_cryptoTools\tests_cryptoTools.vcxproj", "{10DCA769-B168-4E7F-914E-E8A525333327}"
	ProjectSection(ProjectDependencies) = postProject
		{B707F703-490A-447F-9737-C6A70B8D7A61} = {B707F703-490A-447F-9737-C6A70B8D7A61}
	EndProjectSection
EndProject
Project("{8BC9CEB8-8B4A-11D0-8D11-00A0C91BC942}") = "SimplestOT", "SimplestOT\SimplestOT.vcxproj", "{904419B6-0A3E-41A8-B27A-CF1BAE7343B6}"
EndProject
Project("{8BC9CEB8-8B4A-11D0-8D11-00A0C91BC942}") = "KyberOT", "KyberOT\KyberOT.vcxproj", "{CE639ABE-6913-428A-92B0-7C5A6458B983}"
EndProject
Global
	GlobalSection(SolutionConfigurationPlatforms) = preSolution
		Debug|x64 = Debug|x64
		Debug|x86 = Debug|x86
		Release|x64 = Release|x64
		Release|x86 = Release|x86
	EndGlobalSection
	GlobalSection(ProjectConfigurationPlatforms) = postSolution
		{D159E2F9-226C-4B19-905E-CC1EA0EB013F}.Debug|x64.ActiveCfg = Debug|x64
		{D159E2F9-226C-4B19-905E-CC1EA0EB013F}.Debug|x64.Build.0 = Debug|x64
		{D159E2F9-226C-4B19-905E-CC1EA0EB013F}.Debug|x86.ActiveCfg = Debug|x64
		{D159E2F9-226C-4B19-905E-CC1EA0EB013F}.Release|x64.ActiveCfg = Release|x64
		{D159E2F9-226C-4B19-905E-CC1EA0EB013F}.Release|x64.Build.0 = Release|x64
		{D159E2F9-226C-4B19-905E-CC1EA0EB013F}.Release|x86.ActiveCfg = Release|x64
		{294C00B6-949E-4A45-AFA8-45D53590FC11}.Debug|x64.ActiveCfg = Debug|x64
		{294C00B6-949E-4A45-AFA8-45D53590FC11}.Debug|x64.Build.0 = Debug|x64
		{294C00B6-949E-4A45-AFA8-45D53590FC11}.Debug|x86.ActiveCfg = Debug|x64
		{294C00B6-949E-4A45-AFA8-45D53590FC11}.Release|x64.ActiveCfg = Release|x64
		{294C00B6-949E-4A45-AFA8-45D53590FC11}.Release|x64.Build.0 = Release|x64
		{294C00B6-949E-4A45-AFA8-45D53590FC11}.Release|x86.ActiveCfg = Release|x64
		{C81DC04B-A0F0-4B77-8DCE-C8190E629467}.Debug|x64.ActiveCfg = Debug|x64
		{C81DC04B-A0F0-4B77-8DCE-C8190E629467}.Debug|x64.Build.0 = Debug|x64
		{C81DC04B-A0F0-4B77-8DCE-C8190E629467}.Debug|x86.ActiveCfg = Debug|x64
		{C81DC04B-A0F0-4B77-8DCE-C8190E629467}.Release|x64.ActiveCfg = Release|x64
		{C81DC04B-A0F0-4B77-8DCE-C8190E629467}.Release|x64.Build.0 = Release|x64
		{C81DC04B-A0F0-4B77-8DCE-C8190E629467}.Release|x86.ActiveCfg = Release|x64
		{B707F703-490A-447F-9737-C6A70B8D7A61}.Debug|x64.ActiveCfg = Debug|x64
		{B707F703-490A-447F-9737-C6A70B8D7A61}.Debug|x64.Build.0 = Debug|x64
		{B707F703-490A-447F-9737-C6A70B8D7A61}.Debug|x86.ActiveCfg = Debug|x64
		{B707F703-490A-447F-9737-C6A70B8D7A61}.Release|x64.ActiveCfg = Release|x64
		{B707F703-490A-447F-9737-C6A70B8D7A61}.Release|x64.Build.0 = Release|x64
		{B707F703-490A-447F-9737-C6A70B8D7A61}.Release|x86.ActiveCfg = Release|x64
		{9816C48C-6316-40C7-929C-4B29505C7E0A}.Debug|x64.ActiveCfg = Debug|x64
		{9816C48C-6316-40C7-929C-4B29505C7E0A}.Debug|x64.Build.0 = Debug|x64
		{9816C48C-6316-40C7-929C-4B29505C7E0A}.Debug|x86.ActiveCfg = Debug|x64
		{9816C48C-6316-40C7-929C-4B29505C7E0A}.Release|x64.ActiveCfg = Release|x64
		{9816C48C-6316-40C7-929C-4B29505C7E0A}.Release|x64.Build.0 = Release|x64
		{9816C48C-6316-40C7-929C-4B29505C7E0A}.Release|x86.ActiveCfg = Release|x64
		{10DCA769-B168-4E7F-914E-E8A525333327}.Debug|x64.ActiveCfg = Debug|x64
		{10DCA769-B168-4E7F-914E-E8A525333327}.Debug|x64.Build.0 = Debug|x64
		{10DCA769-B168-4E7F-914E-E8A525333327}.Debug|x86.ActiveCfg = Debug|x64
		{10DCA769-B168-4E7F-914E-E8A525333327}.Release|x64.ActiveCfg = Release|x64
		{10DCA769-B168-4E7F-914E-E8A525333327}.Release|x64.Build.0 = Release|x64
		{10DCA769-B168-4E7F-914E-E8A525333327}.Release|x86.ActiveCfg = Release|x64
		{904419B6-0A3E-41A8-B27A-CF1BAE7343B6}.Debug|x64.ActiveCfg = Debug|x64
		{904419B6-0A3E-41A8-B27A-CF1BAE7343B6}.Debug|x86.ActiveCfg = Debug|Win32
		{904419B6-0A3E-41A8-B27A-CF1BAE7343B6}.Debug|x86.Build.0 = Debug|Win32
		{904419B6-0A3E-41A8-B27A-CF1BAE7343B6}.Release|x64.ActiveCfg = Release|x64
		{904419B6-0A3E-41A8-B27A-CF1BAE7343B6}.Release|x86.ActiveCfg = Release|Win32
		{904419B6-0A3E-41A8-B27A-CF1BAE7343B6}.Release|x86.Build.0 = Release|Win32
		{CE639ABE-6913-428A-92B0-7C5A6458B983}.Debug|x64.ActiveCfg = Debug|x64
		{CE639ABE-6913-428A-92B0-7C5A6458B983}.Debug|x86.ActiveCfg = Debug|Win32
		{CE639ABE-6913-428A-92B0-7C5A6458B983}.Debug|x86.Build.0 = Debug|Win32
		{CE639ABE-6913-428A-92B0-7C5A6458B983}.Release|x64.ActiveCfg = Release|x64
		{CE639ABE-6913-428A-92B0-7C5A6458B983}.Release|x86.ActiveCfg = Release|Win32
		{CE639ABE-6913-428A-92B0-7C5A6458B983}.Release|x86.Build.0 = Release|Win32
	EndGlobalSection
	GlobalSection(SolutionProperties) = preSolution
		HideSolutionNode = FALSE
	EndGlobalSection
	GlobalSection(ExtensibilityGlobals) = postSolution
		SolutionGuid = {A6D49E45-0C15-4294-9CA8-85737234D96B}
	EndGlobalSection
	GlobalSection(Performance) = preSolution
		HasPerformanceSessions = true
	EndGlobalSection
EndGlobal
