<?xml version="1.0" encoding="utf-8"?>
<Project ToolsVersion="4.0" xmlns="http://schemas.microsoft.com/developer/msbuild/2003">
  <ItemGroup>
    <Filter Include="Source Files">
      <UniqueIdentifier>{4FC737F1-C7A5-4376-A066-2A32D752A2FF}</UniqueIdentifier>
      <Extensions>cpp;c;cc;cxx;def;odl;idl;hpj;bat;asm;asmx</Extensions>
    </Filter>
    <Filter Include="Header Files">
      <UniqueIdentifier>{93995380-89BD-4b04-88EB-625FBE52EBFB}</UniqueIdentifier>
      <Extensions>h;hh;hpp;hxx;hm;inl;inc;xsd</Extensions>
    </Filter>
    <Filter Include="Resource Files">
      <UniqueIdentifier>{67DA6AB6-F800-4c08-8B7A-83BB121AAD01}</UniqueIdentifier>
      <Extensions>rc;ico;cur;bmp;dlg;rc2;rct;bin;rgs;gif;jpg;jpeg;jpe;resx;tiff;tif;png;wav;mfcribbon-ms</Extensions>
    </Filter>
    <Filter Include="Header Files\Common">
      <UniqueIdentifier>{359cc1cc-4102-4809-a1b7-e2caa2a3636c}</UniqueIdentifier>
    </Filter>
    <Filter Include="Header Files\Crypto">
      <UniqueIdentifier>{6c565298-e3cd-46bb-ae95-92da3ac58263}</UniqueIdentifier>
    </Filter>
    <Filter Include="Header Files\OT">
      <UniqueIdentifier>{027acd13-01ed-4769-97d7-c9f831a8adc7}</UniqueIdentifier>
    </Filter>
    <Filter Include="Source Files\Common">
      <UniqueIdentifier>{b0ad03cd-1191-4a73-b17c-7826ae55a2ec}</UniqueIdentifier>
    </Filter>
    <Filter Include="Source Files\Crypto">
      <UniqueIdentifier>{5a130c82-f1f4-46dd-a138-71fdde95e3dc}</UniqueIdentifier>
    </Filter>
    <Filter Include="Source Files\OT">
      <UniqueIdentifier>{e224d9db-a72e-43dd-ac72-f1de6f402b5f}</UniqueIdentifier>
    </Filter>
    <Filter Include="Header Files\Network">
      <UniqueIdentifier>{a2dd4791-8f4b-4dac-855c-078730828278}</UniqueIdentifier>
    </Filter>
    <Filter Include="Source Files\Network">
      <UniqueIdentifier>{6d429df5-5441-472c-b3e8-d1c8c526c6f1}</UniqueIdentifier>
    </Filter>
    <Filter Include="Header Files\MPSI">
      <UniqueIdentifier>{2c805d83-f4ab-4d62-955f-b15c2a623158}</UniqueIdentifier>
    </Filter>
    <Filter Include="Header Files\RiotPSI">
      <UniqueIdentifier>{035bde2d-81b4-4425-ad82-3126b065ef78}</UniqueIdentifier>
    </Filter>
    <Filter Include="Header Files\OT\Base">
      <UniqueIdentifier>{2a97e7f3-304a-4572-85d5-2ba9ba9f2d1d}</UniqueIdentifier>
    </Filter>
    <Filter Include="Header Files\OT\Base\tools">
      <UniqueIdentifier>{a05faa47-09f3-49b9-a243-0ba12f7c4c91}</UniqueIdentifier>
    </Filter>
    <Filter Include="Header Files\MPSI\Dcw">
      <UniqueIdentifier>{311376e4-22b0-408c-99f0-09c19f3dc25e}</UniqueIdentifier>
    </Filter>
    <Filter Include="Source Files\OT\Base">
      <UniqueIdentifier>{30d947ed-04cf-436d-9448-1a4d7e3ba459}</UniqueIdentifier>
    </Filter>
    <Filter Include="Source Files\OT\Base\Tools">
      <UniqueIdentifier>{c78622c2-1a3d-464a-8809-58ffc3acaca4}</UniqueIdentifier>
    </Filter>
    <Filter Include="Source Files\MPSI">
      <UniqueIdentifier>{19a51d51-a957-4430-8afe-e1b559739ec3}</UniqueIdentifier>
    </Filter>
    <Filter Include="Source Files\RiotPSI">
      <UniqueIdentifier>{32e7ac3a-b89a-43f8-b968-3aef3877cac1}</UniqueIdentifier>
    </Filter>
    <Filter Include="Source Files\MPSI\Dcw">
      <UniqueIdentifier>{04ae59da-5ccc-426b-8ca9-b9633967c2ca}</UniqueIdentifier>
    </Filter>
  </ItemGroup>
  <ItemGroup>
    <ClCompile Include="Crypto\AES.cpp">
      <Filter>Source Files\Crypto</Filter>
    </ClCompile>
    <ClCompile Include="Crypto\PRNG.cpp">
      <Filter>Source Files\Crypto</Filter>
    </ClCompile>
    <ClCompile Include="Common\BitVector.cpp">
      <Filter>Source Files\Common</Filter>
    </ClCompile>
    <ClCompile Include="Common\ByteStream.cpp">
      <Filter>Source Files\Common</Filter>
    </ClCompile>
    <ClCompile Include="Common\Defines.cpp">
      <Filter>Source Files\Common</Filter>
    </ClCompile>
    <ClCompile Include="Common\Timer.cpp">
      <Filter>Source Files\Common</Filter>
    </ClCompile>
    <ClCompile Include="Common\Log.cpp">
      <Filter>Source Files\Common</Filter>
    </ClCompile>
    <ClCompile Include="OT\Base\naor-pinkas.cpp">
      <Filter>Source Files\OT\Base</Filter>
    </ClCompile>
    <ClCompile Include="MPSI\Dcw\DcwRBfPsiSender.cpp">
      <Filter>Source Files\MPSI\Dcw</Filter>
    </ClCompile>
    <ClCompile Include="MPSI\Dcw\DcwBfPsiReceiver.cpp">
      <Filter>Source Files\MPSI\Dcw</Filter>
    </ClCompile>
    <ClCompile Include="MPSI\Dcw\DcwBfPsiSender.cpp">
      <Filter>Source Files\MPSI\Dcw</Filter>
    </ClCompile>
    <ClCompile Include="MPSI\Dcw\DcwRBfPsiReceiver.cpp">
      <Filter>Source Files\MPSI\Dcw</Filter>
    </ClCompile>
    <ClCompile Include="Common\BitIterator.cpp">
      <Filter>Source Files\Common</Filter>
    </ClCompile>
    <ClCompile Include="Crypto\ShamirSSScheme.cpp">
      <Filter>Source Files\Crypto</Filter>
    </ClCompile>
    <ClCompile Include="Network\BtAcceptor.cpp">
      <Filter>Source Files\Network</Filter>
    </ClCompile>
    <ClCompile Include="Network\BtChannel.cpp">
      <Filter>Source Files\Network</Filter>
    </ClCompile>
    <ClCompile Include="Network\BtEndpoint.cpp">
      <Filter>Source Files\Network</Filter>
    </ClCompile>
    <ClCompile Include="Network\BtIOService.cpp">
      <Filter>Source Files\Network</Filter>
    </ClCompile>
    <ClCompile Include="Network\Channel.cpp">
      <Filter>Source Files\Network</Filter>
    </ClCompile>
    <ClCompile Include="MPSI\DKT\DktMPsiSender.cpp">
      <Filter>Source Files</Filter>
    </ClCompile>
    <ClCompile Include="MPsi\DKT\DktMPsiReceiver.cpp">
      <Filter>Source Files</Filter>
    </ClCompile>
    <ClCompile Include="Crypto\Curve.cpp">
      <Filter>Source Files</Filter>
    </ClCompile>
    <ClCompile Include="MPSI\Beta\OtBinMPsiReceiver.cpp">
      <Filter>Source Files</Filter>
    </ClCompile>
    <ClCompile Include="MPSI\Beta\OtBinMPsiSender.cpp">
      <Filter>Source Files</Filter>
    </ClCompile>
    <ClCompile Include="MPSI\Beta\SimpleHasher.cpp">
      <Filter>Source Files</Filter>
    </ClCompile>
    <ClCompile Include="OT\Tools\Tools.cpp">
      <Filter>Source Files\OT\Base\Tools</Filter>
    </ClCompile>
    <ClCompile Include="OT\Tools\BchCode.cpp">
      <Filter>Source Files</Filter>
    </ClCompile>
    <ClCompile Include="OT\NChooseK\AknOtReceiver.cpp">
      <Filter>Source Files\OT</Filter>
    </ClCompile>
    <ClCompile Include="OT\NChooseK\AknOtSender.cpp">
      <Filter>Source Files\OT</Filter>
    </ClCompile>
    <ClCompile Include="OT\TwoChooseOne\IknpOtExtReceiver.cpp">
      <Filter>Source Files\OT</Filter>
    </ClCompile>
    <ClCompile Include="OT\TwoChooseOne\IknpOtExtSender.cpp">
      <Filter>Source Files\OT</Filter>
    </ClCompile>
    <ClCompile Include="OT\TwoChooseOne\KosOtExtReceiver.cpp">
      <Filter>Source Files\OT</Filter>
    </ClCompile>
    <ClCompile Include="OT\TwoChooseOne\KosOtExtSender.cpp">
      <Filter>Source Files\OT</Filter>
    </ClCompile>
    <ClCompile Include="OT\TwoChooseOne\LzKosOtExtReceiver.cpp">
      <Filter>Source Files\OT</Filter>
    </ClCompile>
    <ClCompile Include="OT\TwoChooseOne\LzKosOtExtSender.cpp">
      <Filter>Source Files\OT</Filter>
    </ClCompile>
    <ClCompile Include="OT\NChooseOne\KkrtNcoOtReceiver.cpp">
      <Filter>Source Files</Filter>
    </ClCompile>
    <ClCompile Include="OT\NChooseOne\KkrtNcoOtSender.cpp">
      <Filter>Source Files</Filter>
    </ClCompile>
    <ClCompile Include="MPSI\Rr16\AknBfMPsiReceiver.cpp">
      <Filter>Source Files</Filter>
    </ClCompile>
    <ClCompile Include="MPSI\Rr16\AknBfMPsiSender.cpp">
      <Filter>Source Files</Filter>
    </ClCompile>
    <ClCompile Include="MPSI\Beta\CuckooHasher.cpp">
      <Filter>Source Files</Filter>
    </ClCompile>
    <ClCompile Include="OT\NChooseOne\Oos\OosNcoOtSender.cpp">
      <Filter>Source Files</Filter>
    </ClCompile>
    <ClCompile Include="OT\NChooseOne\Oos\OosNcoOtReceiver.cpp">
      <Filter>Source Files</Filter>
    </ClCompile>
    <ClCompile Include="Crypto\sha.cpp">
      <Filter>Source Files</Filter>
    </ClCompile>
  </ItemGroup>
  <ItemGroup>
    <ClInclude Include="Common\ByteStream.h">
      <Filter>Header Files\Common</Filter>
    </ClInclude>
    <ClInclude Include="Common\BitVector.h">
      <Filter>Header Files\Common</Filter>
    </ClInclude>
    <ClInclude Include="Common\Defines.h">
      <Filter>Header Files\Common</Filter>
    </ClInclude>
    <ClInclude Include="Common\Timer.h">
      <Filter>Header Files\Common</Filter>
    </ClInclude>
    <ClInclude Include="Common\mpsc_queue.h">
      <Filter>Header Files\Common</Filter>
    </ClInclude>
    <ClInclude Include="Common\Exceptions.h">
      <Filter>Header Files\Common</Filter>
    </ClInclude>
    <ClInclude Include="Crypto\Commit.h">
      <Filter>Header Files\Crypto</Filter>
    </ClInclude>
    <ClInclude Include="Crypto\AES.h">
      <Filter>Header Files\Crypto</Filter>
    </ClInclude>
    <ClInclude Include="Crypto\PRNG.h">
      <Filter>Header Files\Crypto</Filter>
    </ClInclude>
    <ClInclude Include="Crypto\sha1.h">
      <Filter>Header Files\Crypto</Filter>
    </ClInclude>
    <ClInclude Include="Common\Log.h">
      <Filter>Header Files\Common</Filter>
    </ClInclude>
    <ClInclude Include="Common\ArrayView.h">
      <Filter>Header Files\Common</Filter>
    </ClInclude>
    <ClInclude Include="Common\BitIterator.h">
      <Filter>Header Files\Common</Filter>
    </ClInclude>
    <ClInclude Include="OT\Base\naor-pinkas.h">
      <Filter>Header Files\OT\Base</Filter>
    </ClInclude>
    <ClInclude Include="MPSI\Dcw\DcwBfPsiReceiver.h">
      <Filter>Header Files\MPSI\Dcw</Filter>
    </ClInclude>
    <ClInclude Include="MPSI\Dcw\DcwBfPsiSender.h">
      <Filter>Header Files\MPSI\Dcw</Filter>
    </ClInclude>
    <ClInclude Include="MPSI\Dcw\DcwRBfPsiReceiver.h">
      <Filter>Header Files\MPSI\Dcw</Filter>
    </ClInclude>
    <ClInclude Include="MPSI\Dcw\DcwRBfPsiSender.h">
      <Filter>Header Files\MPSI\Dcw</Filter>
    </ClInclude>
    <ClInclude Include="Crypto\ShamirSSScheme.h">
      <Filter>Header Files\Crypto</Filter>
    </ClInclude>
    <ClInclude Include="Network\BtAcceptor.h">
      <Filter>Header Files\Network</Filter>
    </ClInclude>
    <ClInclude Include="Network\BtChannel.h">
      <Filter>Header Files\Network</Filter>
    </ClInclude>
    <ClInclude Include="Network\BtEndpoint.h">
      <Filter>Header Files\Network</Filter>
    </ClInclude>
    <ClInclude Include="Network\BtIOService.h">
      <Filter>Header Files\Network</Filter>
    </ClInclude>
    <ClInclude Include="Network\BtSocket.h">
      <Filter>Header Files\Network</Filter>
    </ClInclude>
    <ClInclude Include="Network\Channel.h">
      <Filter>Header Files\Network</Filter>
    </ClInclude>
    <ClInclude Include="Network\Endpoint.h">
      <Filter>Header Files\Network</Filter>
    </ClInclude>
    <ClInclude Include="MPSI\DKT\DktMPsiSender.h">
      <Filter>Header Files</Filter>
    </ClInclude>
    <ClInclude Include="MPsi\DKT\DktMPsiReceiver.h">
      <Filter>Header Files</Filter>
    </ClInclude>
    <ClInclude Include="Crypto\Curve.h">
      <Filter>Header Files</Filter>
    </ClInclude>
    <ClInclude Include="MPSI\Beta\OtBinMPsiReceiver.h">
      <Filter>Header Files</Filter>
    </ClInclude>
    <ClInclude Include="MPSI\Beta\OtBinMPsiSender.h">
      <Filter>Header Files</Filter>
    </ClInclude>
    <ClInclude Include="MPSI\Beta\SimpleHasher.h">
      <Filter>Header Files</Filter>
    </ClInclude>
    <ClInclude Include="OT\Tools\Tools.h">
      <Filter>Header Files\OT\Base\tools</Filter>
    </ClInclude>
    <ClInclude Include="OT\Tools\BchCode.h">
      <Filter>Header Files</Filter>
    </ClInclude>
    <ClInclude Include="OT\NChooseK\AknOtReceiver.h">
      <Filter>Header Files\OT</Filter>
    </ClInclude>
    <ClInclude Include="OT\NChooseK\AknOtSender.h">
      <Filter>Header Files\OT</Filter>
    </ClInclude>
    <ClInclude Include="OT\TwoChooseOne\IknpOtExtReceiver.h">
      <Filter>Header Files\OT</Filter>
    </ClInclude>
    <ClInclude Include="OT\TwoChooseOne\IknpOtExtSender.h">
      <Filter>Header Files\OT</Filter>
    </ClInclude>
    <ClInclude Include="OT\TwoChooseOne\KosOtExtReceiver.h">
      <Filter>Header Files\OT</Filter>
    </ClInclude>
    <ClInclude Include="OT\TwoChooseOne\KosOtExtSender.h">
      <Filter>Header Files\OT</Filter>
    </ClInclude>
    <ClInclude Include="OT\TwoChooseOne\LzKosOtExtReceiver.h">
      <Filter>Header Files\OT</Filter>
    </ClInclude>
    <ClInclude Include="OT\TwoChooseOne\LzKosOtExtSender.h">
      <Filter>Header Files\OT</Filter>
    </ClInclude>
    <ClInclude Include="OT\NChooseOne\KkrtNcoOtReceiver.h">
      <Filter>Header Files</Filter>
    </ClInclude>
    <ClInclude Include="OT\NChooseOne\KkrtNcoOtSender.h">
      <Filter>Header Files</Filter>
    </ClInclude>
    <ClInclude Include="Common\MatrixView.h">
      <Filter>Header Files</Filter>
    </ClInclude>
    <ClInclude Include="MPSI\Rr16\AknBfMPsiReceiver.h">
      <Filter>Header Files</Filter>
    </ClInclude>
    <ClInclude Include="MPSI\Rr16\AknBfMPsiSender.h">
      <Filter>Header Files</Filter>
    </ClInclude>
    <ClInclude Include="OT\TwoChooseOne\OTExtInterface.h">
      <Filter>Header Files\OT</Filter>
    </ClInclude>
    <ClInclude Include="OT\NChooseOne\NcoOtExt.h">
      <Filter>Header Files</Filter>
    </ClInclude>
    <ClInclude Include="MPSI\Beta\CuckooHasher.h">
      <Filter>Header Files</Filter>
    </ClInclude>
    <ClInclude Include="OT\NChooseOne\KkrtDefines.h">
      <Filter>Header Files</Filter>
    </ClInclude>
    <ClInclude Include="OT\NChooseOne\Oos\OosDefines.h">
      <Filter>Header Files</Filter>
    </ClInclude>
    <ClInclude Include="OT\NChooseOne\Oos\OosNcoOtReceiver.h">
      <Filter>Header Files</Filter>
    </ClInclude>
    <ClInclude Include="OT\NChooseOne\Oos\OosNcoOtSender.h">
      <Filter>Header Files</Filter>
    </ClInclude>
  </ItemGroup>
  <ItemGroup>
    <CustomBuild Include="Crypto\asm\sha_win64.asm" />
  </ItemGroup>
</Project>