<?xml version="1.0" encoding="utf-8"?>
<Project ToolsVersion="4.0" xmlns="http://schemas.microsoft.com/developer/msbuild/2003">
  <ItemGroup>
    <Filter Include="Source Files">
      <UniqueIdentifier>{4FC737F1-C7A5-4376-A066-2A32D752A2FF}</UniqueIdentifier>
      <Extensions>cpp;c;cc;cxx;def;odl;idl;hpj;bat;asm;asmx</Extensions>
    </Filter>
    <Filter Include="Header Files">
      <UniqueIdentifier>{93995380-89BD-4b04-88EB-625FBE52EBFB}</UniqueIdentifier>
      <Extensions>h;hh;hpp;hxx;hm;inl;inc;xsd</Extensions>
    </Filter>
    <Filter Include="Resource Files">
      <UniqueIdentifier>{67DA6AB6-F800-4c08-8B7A-83BB121AAD01}</UniqueIdentifier>
      <Extensions>rc;ico;cur;bmp;dlg;rc2;rct;bin;rgs;gif;jpg;jpeg;jpe;resx;tiff;tif;png;wav;mfcribbon-ms</Extensions>
    </Filter>
  </ItemGroup>
  <ItemGroup>
    <ClInclude Include="randombytes.h">
      <Filter>Header Files</Filter>
    </ClInclude>
    <ClInclude Include="sc25519.h">
      <Filter>Header Files</Filter>
    </ClInclude>
    <ClInclude Include="to_4x.h">
      <Filter>Header Files</Filter>
    </ClInclude>
    <ClInclude Include="cpucycles.h">
      <Filter>Header Files</Filter>
    </ClInclude>
    <ClInclude Include="crypto_hash.h">
      <Filter>Header Files</Filter>
    </ClInclude>
    <ClInclude Include="fe25519.h">
      <Filter>Header Files</Filter>
    </ClInclude>
    <ClInclude Include="ge4x.h">
      <Filter>Header Files</Filter>
    </ClInclude>
    <ClInclude Include="ge25519.h">
      <Filter>Header Files</Filter>
    </ClInclude>
    <ClInclude Include="gfe4x.h">
      <Filter>Header Files</Filter>
    </ClInclude>
    <ClInclude Include="Keccak-simple-settings.h">
      <Filter>Header Files</Filter>
    </ClInclude>
    <ClInclude Include="network.h">
      <Filter>Header Files</Filter>
    </ClInclude>
    <ClInclude Include="ot_config.h">
      <Filter>Header Files</Filter>
    </ClInclude>
    <ClInclude Include="ot_receiver.h">
      <Filter>Header Files</Filter>
    </ClInclude>
    <ClInclude Include="ot_sender.h">
      <Filter>Header Files</Filter>
    </ClInclude>
  </ItemGroup>
  <ItemGroup>
    <ClCompile Include="sc25519_from32bytes.c">
      <Filter>Source Files</Filter>
    </ClCompile>
    <ClCompile Include="sc25519_random.c">
      <Filter>Source Files</Filter>
    </ClCompile>
    <ClCompile Include="sc25519_window4.c">
      <Filter>Source Files</Filter>
    </ClCompile>
    <ClCompile Include="cpucycles.c">
      <Filter>Source Files</Filter>
    </ClCompile>
    <ClCompile Include="fe25519_add.c">
      <Filter>Source Files</Filter>
    </ClCompile>
    <ClCompile Include="fe25519_getparity.c">
      <Filter>Source Files</Filter>
    </ClCompile>
    <ClCompile Include="fe25519_invert.c">
      <Filter>Source Files</Filter>
    </ClCompile>
    <ClCompile Include="fe25519_iseq_vartime.c">
      <Filter>Source Files</Filter>
    </ClCompile>
    <ClCompile Include="fe25519_neg.c">
      <Filter>Source Files</Filter>
    </ClCompile>
    <ClCompile Include="fe25519_pack.c">
      <Filter>Source Files</Filter>
    </ClCompile>
    <ClCompile Include="fe25519_pow2523.c">
      <Filter>Source Files</Filter>
    </ClCompile>
    <ClCompile Include="fe25519_setint.c">
      <Filter>Source Files</Filter>
    </ClCompile>
    <ClCompile Include="fe25519_sub.c">
      <Filter>Source Files</Filter>
    </ClCompile>
    <ClCompile Include="fe25519_unpack.c">
      <Filter>Source Files</Filter>
    </ClCompile>
    <ClCompile Include="ge4x.c">
      <Filter>Source Files</Filter>
    </ClCompile>
    <ClCompile Include="ge4x_pack.c">
      <Filter>Source Files</Filter>
    </ClCompile>
    <ClCompile Include="ge4x_unpack_vartime.c">
      <Filter>Source Files</Filter>
    </ClCompile>
    <ClCompile Include="ge25519_add.c">
      <Filter>Source Files</Filter>
    </ClCompile>
    <ClCompile Include="ge25519_double.c">
      <Filter>Source Files</Filter>
    </ClCompile>
    <ClCompile Include="ge25519_pack.c">
      <Filter>Source Files</Filter>
    </ClCompile>
    <ClCompile Include="ge25519_scalarmult.c">
      <Filter>Source Files</Filter>
    </ClCompile>
    <ClCompile Include="ge25519_scalarmult_base.c">
      <Filter>Source Files</Filter>
    </ClCompile>
    <ClCompile Include="ge25519_setneutral.c">
      <Filter>Source Files</Filter>
    </ClCompile>
    <ClCompile Include="ge25519_unpack.c">
      <Filter>Source Files</Filter>
    </ClCompile>
    <ClCompile Include="gfe4x.c">
      <Filter>Source Files</Filter>
    </ClCompile>
    <ClCompile Include="gfe4x_getparity.c">
      <Filter>Source Files</Filter>
    </ClCompile>
    <ClCompile Include="gfe4x_iseq_vartime.c">
      <Filter>Source Files</Filter>
    </ClCompile>
    <ClCompile Include="gfe4x_nsquare.c">
      <Filter>Source Files</Filter>
    </ClCompile>
    <ClCompile Include="gfe4x_pow2523.c">
      <Filter>Source Files</Filter>
    </ClCompile>
    <ClCompile Include="Keccak-simple.c">
      <Filter>Source Files</Filter>
    </ClCompile>
    <ClCompile Include="network.c">
      <Filter>Source Files</Filter>
    </ClCompile>
    <ClCompile Include="ot_receiver.c">
      <Filter>Source Files</Filter>
    </ClCompile>
    <ClCompile Include="ot_receiver_test.c">
      <Filter>Source Files</Filter>
    </ClCompile>
    <ClCompile Include="ot_sender.c">
      <Filter>Source Files</Filter>
    </ClCompile>
    <ClCompile Include="ot_sender_test.c">
      <Filter>Source Files</Filter>
    </ClCompile>
    <ClCompile Include="randombytes.c">
      <Filter>Source Files</Filter>
    </ClCompile>
  </ItemGroup>
  <ItemGroup>
    <Text Include="CMakeLists.txt" />
  </ItemGroup>
  <ItemGroup>
    <None Include="consts.s" />
    <None Include="consts4x.s" />
    <None Include="fe25519_freeze.s" />
    <None Include="fe25519_mul.s" />
    <None Include="fe25519_nsquare.s" />
    <None Include="fe25519_square.s" />
    <None Include="ge4x.data" />
    <None Include="ge4x_add_p1p1.s" />
    <None Include="ge4x_double_p1p1.s" />
    <None Include="ge4x_lookup.s" />
    <None Include="ge4x_lookup_niels.s" />
    <None Include="ge4x_niels_add_p1p1.s" />
    <None Include="ge25519.data" />
    <None Include="ge25519_add_p1p1.s" />
    <None Include="ge25519_dbl_p1p1.s" />
    <None Include="ge25519_lookup.s" />
    <None Include="ge25519_lookup_niels.s" />
    <None Include="ge25519_nielsadd2.s" />
    <None Include="ge25519_p1p1_to_p2.s" />
    <None Include="ge25519_p1p1_to_p3.s" />
    <None Include="gfe4x_add.s" />
    <None Include="gfe4x_mul.s" />
    <None Include="gfe4x_square.s" />
    <None Include="gfe4x_sub.s" />
    <None Include="LICENSE" />
    <None Include="Makefile" />
  </ItemGroup>
</Project>